
Microsoft Visual Studio Solution File, Format Version 12.00
# Visual Studio Version 17
VisualStudioVersion = 17.13.35806.99 d17.13
MinimumVisualStudioVersion = 10.0.40219.1
Project("{FAE04EC0-301F-11D3-BF4B-00C04F79EFBC}") = "TAREA INVENTARIO NVA", "TAREA INVENTARIO NVA\TAREA INVENTARIO NVA.csproj", "{054C4809-CD31-48B9-A351-D78C55A1674A}"
EndProject
Global
	GlobalSection(SolutionConfigurationPlatforms) = preSolution
		Debug|Any CPU = Debug|Any CPU
		Release|Any CPU = Release|Any CPU
	EndGlobalSection
	GlobalSection(ProjectConfigurationPlatforms) = postSolution
		{054C4809-CD31-48B9-A351-D78C55A1674A}.Debug|Any CPU.ActiveCfg = Debug|Any CPU
		{054C4809-CD31-48B9-A351-D78C55A1674A}.Debug|Any CPU.Build.0 = Debug|Any CPU
		{054C4809-CD31-48B9-A351-D78C55A1674A}.Release|Any CPU.ActiveCfg = Release|Any CPU
		{054C4809-CD31-48B9-A351-D78C55A1674A}.Release|Any CPU.Build.0 = Release|Any CPU
	EndGlobalSection
	GlobalSection(SolutionProperties) = preSolution
		HideSolutionNode = FALSE
	EndGlobalSection
	GlobalSection(ExtensibilityGlobals) = postSolution
		SolutionGuid = {5B576CAB-ADAE-42CE-B3A2-8128887A60C9}
	EndGlobalSection
EndGlobal
